
Microsoft Visual Studio Solution File, Format Version 12.00
# Visual Studio Version 16
VisualStudioVersion = 16.0.31702.278
MinimumVisualStudioVersion = 10.0.40219.1
Project("{9A19103F-16F7-4668-BE54-9A1E7A4F7556}") = "API", "API\API.csproj", "{87AB68FA-B631-4F68-AC22-455549AB59DA}"
EndProject
Project("{9A19103F-16F7-4668-BE54-9A1E7A4F7556}") = "Shared", "Shared\Shared.csproj", "{2FA84880-7820-49BF-9DB3-E9E410EF1C45}"
EndProject
Project("{9A19103F-16F7-4668-BE54-9A1E7A4F7556}") = "OfferMaker", "OfferMaker\OfferMaker.csproj", "{4FB746F3-1A1E-41B7-9305-7B7101764607}"
EndProject
Project("{9A19103F-16F7-4668-BE54-9A1E7A4F7556}") = "ApiClient", "ApiClient\ApiClient.csproj", "{EE41A97B-E8D3-4427-9AC4-E0FAAD3EBCDD}"
EndProject
Project("{9A19103F-16F7-4668-BE54-9A1E7A4F7556}") = "DatabaseExporter", "DatabaseExporter\DatabaseExporter.csproj", "{22669AC7-E094-44C4-A8F1-A73CDB556EF9}"
EndProject
Project("{9A19103F-16F7-4668-BE54-9A1E7A4F7556}") = "ApiTests", "ApiTests\ApiTests.csproj", "{5E728A9D-2F0A-40F6-836F-EC3BB10F7F58}"
EndProject
Project("{9A19103F-16F7-4668-BE54-9A1E7A4F7556}") = "ApiClientCodeGen", "ApiClientCodeGen\ApiClientCodeGen.csproj", "{370C1891-67AD-4F35-95A5-27F560E6269E}"
EndProject
Project("{9A19103F-16F7-4668-BE54-9A1E7A4F7556}") = "GongSolutions.WPF.DragDrop", "..\gong-wpf-dragdrop\src\GongSolutions.WPF.DragDrop\GongSolutions.WPF.DragDrop.csproj", "{1CF36E25-DB0B-4054-A9BA-4D5C652157ED}"
EndProject
Project("{9A19103F-16F7-4668-BE54-9A1E7A4F7556}") = "Blazor.Server", "Blazor\Server\Blazor.Server.csproj", "{5BDF548E-1A85-46D6-9B8D-D8BE09E9AC6F}"
EndProject
Project("{9A19103F-16F7-4668-BE54-9A1E7A4F7556}") = "Blazor.Client", "Blazor\Client\Blazor.Client.csproj", "{8D36A0E1-6A4F-4091-A8FE-E807FB969DFB}"
EndProject
Project("{9A19103F-16F7-4668-BE54-9A1E7A4F7556}") = "Blazor.Shared", "Blazor\Shared\Blazor.Shared.csproj", "{229F594B-9C8F-4684-B5B6-CBF5CEE5BAE5}"
EndProject
Project("{FAE04EC0-301F-11D3-BF4B-00C04F79EFBC}") = "CreateApp", "CreateApp\CreateApp.csproj", "{17AB2A9C-A997-4B38-91A4-99F7F824A1B7}"
EndProject
Global
	GlobalSection(SolutionConfigurationPlatforms) = preSolution
		Debug|Any CPU = Debug|Any CPU
		Release|Any CPU = Release|Any CPU
	EndGlobalSection
	GlobalSection(ProjectConfigurationPlatforms) = postSolution
		{87AB68FA-B631-4F68-AC22-455549AB59DA}.Debug|Any CPU.ActiveCfg = Debug|Any CPU
		{87AB68FA-B631-4F68-AC22-455549AB59DA}.Debug|Any CPU.Build.0 = Debug|Any CPU
		{87AB68FA-B631-4F68-AC22-455549AB59DA}.Release|Any CPU.ActiveCfg = Release|Any CPU
		{87AB68FA-B631-4F68-AC22-455549AB59DA}.Release|Any CPU.Build.0 = Release|Any CPU
		{2FA84880-7820-49BF-9DB3-E9E410EF1C45}.Debug|Any CPU.ActiveCfg = Debug|Any CPU
		{2FA84880-7820-49BF-9DB3-E9E410EF1C45}.Debug|Any CPU.Build.0 = Debug|Any CPU
		{2FA84880-7820-49BF-9DB3-E9E410EF1C45}.Release|Any CPU.ActiveCfg = Release|Any CPU
		{2FA84880-7820-49BF-9DB3-E9E410EF1C45}.Release|Any CPU.Build.0 = Release|Any CPU
		{4FB746F3-1A1E-41B7-9305-7B7101764607}.Debug|Any CPU.ActiveCfg = Debug|Any CPU
		{4FB746F3-1A1E-41B7-9305-7B7101764607}.Debug|Any CPU.Build.0 = Debug|Any CPU
		{4FB746F3-1A1E-41B7-9305-7B7101764607}.Release|Any CPU.ActiveCfg = Release|Any CPU
		{4FB746F3-1A1E-41B7-9305-7B7101764607}.Release|Any CPU.Build.0 = Release|Any CPU
		{EE41A97B-E8D3-4427-9AC4-E0FAAD3EBCDD}.Debug|Any CPU.ActiveCfg = Debug|Any CPU
		{EE41A97B-E8D3-4427-9AC4-E0FAAD3EBCDD}.Debug|Any CPU.Build.0 = Debug|Any CPU
		{EE41A97B-E8D3-4427-9AC4-E0FAAD3EBCDD}.Release|Any CPU.ActiveCfg = Release|Any CPU
		{EE41A97B-E8D3-4427-9AC4-E0FAAD3EBCDD}.Release|Any CPU.Build.0 = Release|Any CPU
		{22669AC7-E094-44C4-A8F1-A73CDB556EF9}.Debug|Any CPU.ActiveCfg = Debug|Any CPU
		{22669AC7-E094-44C4-A8F1-A73CDB556EF9}.Debug|Any CPU.Build.0 = Debug|Any CPU
		{22669AC7-E094-44C4-A8F1-A73CDB556EF9}.Release|Any CPU.ActiveCfg = Release|Any CPU
		{22669AC7-E094-44C4-A8F1-A73CDB556EF9}.Release|Any CPU.Build.0 = Release|Any CPU
		{5E728A9D-2F0A-40F6-836F-EC3BB10F7F58}.Debug|Any CPU.ActiveCfg = Debug|Any CPU
		{5E728A9D-2F0A-40F6-836F-EC3BB10F7F58}.Debug|Any CPU.Build.0 = Debug|Any CPU
		{5E728A9D-2F0A-40F6-836F-EC3BB10F7F58}.Release|Any CPU.ActiveCfg = Release|Any CPU
		{5E728A9D-2F0A-40F6-836F-EC3BB10F7F58}.Release|Any CPU.Build.0 = Release|Any CPU
		{370C1891-67AD-4F35-95A5-27F560E6269E}.Debug|Any CPU.ActiveCfg = Debug|Any CPU
		{370C1891-67AD-4F35-95A5-27F560E6269E}.Debug|Any CPU.Build.0 = Debug|Any CPU
		{370C1891-67AD-4F35-95A5-27F560E6269E}.Release|Any CPU.ActiveCfg = Release|Any CPU
		{370C1891-67AD-4F35-95A5-27F560E6269E}.Release|Any CPU.Build.0 = Release|Any CPU
		{1CF36E25-DB0B-4054-A9BA-4D5C652157ED}.Debug|Any CPU.ActiveCfg = Debug|Any CPU
		{1CF36E25-DB0B-4054-A9BA-4D5C652157ED}.Debug|Any CPU.Build.0 = Debug|Any CPU
		{1CF36E25-DB0B-4054-A9BA-4D5C652157ED}.Release|Any CPU.ActiveCfg = Release|Any CPU
		{1CF36E25-DB0B-4054-A9BA-4D5C652157ED}.Release|Any CPU.Build.0 = Release|Any CPU
		{5BDF548E-1A85-46D6-9B8D-D8BE09E9AC6F}.Debug|Any CPU.ActiveCfg = Debug|Any CPU
		{5BDF548E-1A85-46D6-9B8D-D8BE09E9AC6F}.Debug|Any CPU.Build.0 = Debug|Any CPU
		{5BDF548E-1A85-46D6-9B8D-D8BE09E9AC6F}.Release|Any CPU.ActiveCfg = Release|Any CPU
		{5BDF548E-1A85-46D6-9B8D-D8BE09E9AC6F}.Release|Any CPU.Build.0 = Release|Any CPU
		{8D36A0E1-6A4F-4091-A8FE-E807FB969DFB}.Debug|Any CPU.ActiveCfg = Debug|Any CPU
		{8D36A0E1-6A4F-4091-A8FE-E807FB969DFB}.Debug|Any CPU.Build.0 = Debug|Any CPU
		{8D36A0E1-6A4F-4091-A8FE-E807FB969DFB}.Release|Any CPU.ActiveCfg = Release|Any CPU
		{8D36A0E1-6A4F-4091-A8FE-E807FB969DFB}.Release|Any CPU.Build.0 = Release|Any CPU
		{229F594B-9C8F-4684-B5B6-CBF5CEE5BAE5}.Debug|Any CPU.ActiveCfg = Debug|Any CPU
		{229F594B-9C8F-4684-B5B6-CBF5CEE5BAE5}.Debug|Any CPU.Build.0 = Debug|Any CPU
		{229F594B-9C8F-4684-B5B6-CBF5CEE5BAE5}.Release|Any CPU.ActiveCfg = Release|Any CPU
		{229F594B-9C8F-4684-B5B6-CBF5CEE5BAE5}.Release|Any CPU.Build.0 = Release|Any CPU
		{17AB2A9C-A997-4B38-91A4-99F7F824A1B7}.Debug|Any CPU.ActiveCfg = Debug|Any CPU
		{17AB2A9C-A997-4B38-91A4-99F7F824A1B7}.Debug|Any CPU.Build.0 = Debug|Any CPU
		{17AB2A9C-A997-4B38-91A4-99F7F824A1B7}.Release|Any CPU.ActiveCfg = Release|Any CPU
		{17AB2A9C-A997-4B38-91A4-99F7F824A1B7}.Release|Any CPU.Build.0 = Release|Any CPU
	EndGlobalSection
	GlobalSection(SolutionProperties) = preSolution
		HideSolutionNode = FALSE
	EndGlobalSection
	GlobalSection(ExtensibilityGlobals) = postSolution
		SolutionGuid = {BE0BE7A5-641C-4896-ABA6-E8E903A711E5}
	EndGlobalSection
EndGlobal
