
Microsoft Visual Studio Solution File, Format Version 12.00
# Visual Studio Version 16
VisualStudioVersion = 16.0.31702.278
MinimumVisualStudioVersion = 10.0.40219.1
Project("{9A19103F-16F7-4668-BE54-9A1E7A4F7556}") = "API", "API\API.csproj", "{87AB68FA-B631-4F68-AC22-455549AB59DA}"
EndProject
Project("{9A19103F-16F7-4668-BE54-9A1E7A4F7556}") = "Shared", "Shared\Shared.csproj", "{2FA84880-7820-49BF-9DB3-E9E410EF1C45}"
EndProject
Project("{9A19103F-16F7-4668-BE54-9A1E7A4F7556}") = "OfferMaker", "OfferMaker\OfferMaker.csproj", "{4FB746F3-1A1E-41B7-9305-7B7101764607}"
EndProject
Project("{9A19103F-16F7-4668-BE54-9A1E7A4F7556}") = "ApiClient", "ApiClient\ApiClient.csproj", "{EE41A97B-E8D3-4427-9AC4-E0FAAD3EBCDD}"
EndProject
Project("{9A19103F-16F7-4668-BE54-9A1E7A4F7556}") = "DatabaseExporter", "DatabaseExporter\DatabaseExporter.csproj", "{22669AC7-E094-44C4-A8F1-A73CDB556EF9}"
EndProject
Project("{9A19103F-16F7-4668-BE54-9A1E7A4F7556}") = "GongSolutions.WPF.DragDrop", "..\gong-wpf-dragdrop\src\GongSolutions.WPF.DragDrop\GongSolutions.WPF.DragDrop.csproj", "{F83B3524-7A73-43CE-A9F8-A6029DFD972E}"
EndProject
Project("{9A19103F-16F7-4668-BE54-9A1E7A4F7556}") = "ApiTests", "ApiTests\ApiTests.csproj", "{5E728A9D-2F0A-40F6-836F-EC3BB10F7F58}"
EndProject
Project("{FAE04EC0-301F-11D3-BF4B-00C04F79EFBC}") = "ApiClientCodeGen", "ApiClientCodeGen\ApiClientCodeGen.csproj", "{370C1891-67AD-4F35-95A5-27F560E6269E}"
EndProject
Global
	GlobalSection(SolutionConfigurationPlatforms) = preSolution
		Debug|Any CPU = Debug|Any CPU
		Release|Any CPU = Release|Any CPU
	EndGlobalSection
	GlobalSection(ProjectConfigurationPlatforms) = postSolution
		{87AB68FA-B631-4F68-AC22-455549AB59DA}.Debug|Any CPU.ActiveCfg = Debug|Any CPU
		{87AB68FA-B631-4F68-AC22-455549AB59DA}.Debug|Any CPU.Build.0 = Debug|Any CPU
		{87AB68FA-B631-4F68-AC22-455549AB59DA}.Release|Any CPU.ActiveCfg = Release|Any CPU
		{87AB68FA-B631-4F68-AC22-455549AB59DA}.Release|Any CPU.Build.0 = Release|Any CPU
		{2FA84880-7820-49BF-9DB3-E9E410EF1C45}.Debug|Any CPU.ActiveCfg = Debug|Any CPU
		{2FA84880-7820-49BF-9DB3-E9E410EF1C45}.Debug|Any CPU.Build.0 = Debug|Any CPU
		{2FA84880-7820-49BF-9DB3-E9E410EF1C45}.Release|Any CPU.ActiveCfg = Release|Any CPU
		{2FA84880-7820-49BF-9DB3-E9E410EF1C45}.Release|Any CPU.Build.0 = Release|Any CPU
		{4FB746F3-1A1E-41B7-9305-7B7101764607}.Debug|Any CPU.ActiveCfg = Debug|Any CPU
		{4FB746F3-1A1E-41B7-9305-7B7101764607}.Debug|Any CPU.Build.0 = Debug|Any CPU
		{4FB746F3-1A1E-41B7-9305-7B7101764607}.Release|Any CPU.ActiveCfg = Release|Any CPU
		{4FB746F3-1A1E-41B7-9305-7B7101764607}.Release|Any CPU.Build.0 = Release|Any CPU
		{EE41A97B-E8D3-4427-9AC4-E0FAAD3EBCDD}.Debug|Any CPU.ActiveCfg = Debug|Any CPU
		{EE41A97B-E8D3-4427-9AC4-E0FAAD3EBCDD}.Debug|Any CPU.Build.0 = Debug|Any CPU
		{EE41A97B-E8D3-4427-9AC4-E0FAAD3EBCDD}.Release|Any CPU.ActiveCfg = Release|Any CPU
		{EE41A97B-E8D3-4427-9AC4-E0FAAD3EBCDD}.Release|Any CPU.Build.0 = Release|Any CPU
		{22669AC7-E094-44C4-A8F1-A73CDB556EF9}.Debug|Any CPU.ActiveCfg = Debug|Any CPU
		{22669AC7-E094-44C4-A8F1-A73CDB556EF9}.Debug|Any CPU.Build.0 = Debug|Any CPU
		{22669AC7-E094-44C4-A8F1-A73CDB556EF9}.Release|Any CPU.ActiveCfg = Release|Any CPU
		{22669AC7-E094-44C4-A8F1-A73CDB556EF9}.Release|Any CPU.Build.0 = Release|Any CPU
		{F83B3524-7A73-43CE-A9F8-A6029DFD972E}.Debug|Any CPU.ActiveCfg = Debug|Any CPU
		{F83B3524-7A73-43CE-A9F8-A6029DFD972E}.Debug|Any CPU.Build.0 = Debug|Any CPU
		{F83B3524-7A73-43CE-A9F8-A6029DFD972E}.Release|Any CPU.ActiveCfg = Release|Any CPU
		{F83B3524-7A73-43CE-A9F8-A6029DFD972E}.Release|Any CPU.Build.0 = Release|Any CPU
		{5E728A9D-2F0A-40F6-836F-EC3BB10F7F58}.Debug|Any CPU.ActiveCfg = Debug|Any CPU
		{5E728A9D-2F0A-40F6-836F-EC3BB10F7F58}.Debug|Any CPU.Build.0 = Debug|Any CPU
		{5E728A9D-2F0A-40F6-836F-EC3BB10F7F58}.Release|Any CPU.ActiveCfg = Release|Any CPU
		{5E728A9D-2F0A-40F6-836F-EC3BB10F7F58}.Release|Any CPU.Build.0 = Release|Any CPU
		{370C1891-67AD-4F35-95A5-27F560E6269E}.Debug|Any CPU.ActiveCfg = Debug|Any CPU
		{370C1891-67AD-4F35-95A5-27F560E6269E}.Debug|Any CPU.Build.0 = Debug|Any CPU
		{370C1891-67AD-4F35-95A5-27F560E6269E}.Release|Any CPU.ActiveCfg = Release|Any CPU
		{370C1891-67AD-4F35-95A5-27F560E6269E}.Release|Any CPU.Build.0 = Release|Any CPU
	EndGlobalSection
	GlobalSection(SolutionProperties) = preSolution
		HideSolutionNode = FALSE
	EndGlobalSection
	GlobalSection(ExtensibilityGlobals) = postSolution
		SolutionGuid = {BE0BE7A5-641C-4896-ABA6-E8E903A711E5}
	EndGlobalSection
EndGlobal
